
Microsoft Visual Studio Solution File, Format Version 12.00
# Visual Studio 2012
Project("{FAE04EC0-301F-11D3-BF4B-00C04F79EFBC}") = "MHData", "MHData\MHData.csproj", "{62ECDF90-D10E-40F6-ACC1-130C71F51C6B}"
EndProject
Project("{FAE04EC0-301F-11D3-BF4B-00C04F79EFBC}") = "MedicalAndHealthWeb", "MedicalAndHealthWeb\MedicalAndHealthWeb.csproj", "{616EB3D5-78BB-4A0C-8FBF-0E6F7E073FD8}"
EndProject
Global
	GlobalSection(SolutionConfigurationPlatforms) = preSolution
		Debug|Any CPU = Debug|Any CPU
		Release|Any CPU = Release|Any CPU
	EndGlobalSection
	GlobalSection(ProjectConfigurationPlatforms) = postSolution
		{62ECDF90-D10E-40F6-ACC1-130C71F51C6B}.Debug|Any CPU.ActiveCfg = Debug|Any CPU
		{62ECDF90-D10E-40F6-ACC1-130C71F51C6B}.Debug|Any CPU.Build.0 = Debug|Any CPU
		{62ECDF90-D10E-40F6-ACC1-130C71F51C6B}.Release|Any CPU.ActiveCfg = Release|Any CPU
		{62ECDF90-D10E-40F6-ACC1-130C71F51C6B}.Release|Any CPU.Build.0 = Release|Any CPU
		{616EB3D5-78BB-4A0C-8FBF-0E6F7E073FD8}.Debug|Any CPU.ActiveCfg = Debug|Any CPU
		{616EB3D5-78BB-4A0C-8FBF-0E6F7E073FD8}.Debug|Any CPU.Build.0 = Debug|Any CPU
		{616EB3D5-78BB-4A0C-8FBF-0E6F7E073FD8}.Release|Any CPU.ActiveCfg = Release|Any CPU
		{616EB3D5-78BB-4A0C-8FBF-0E6F7E073FD8}.Release|Any CPU.Build.0 = Release|Any CPU
	EndGlobalSection
	GlobalSection(SolutionProperties) = preSolution
		HideSolutionNode = FALSE
	EndGlobalSection
EndGlobal
